{
  "name": "ScoreBoard",
  "lockfileVersion": 3,
  "requires": true,
  "packages": {
    "": {
      "dependencies": {
        "jquery": "^3.7.1",
        "signalr": "^2.4.3"
      },
      "devDependencies": {
        "@types/jquery": "^3.5.30",
        "@types/signalr": "^2.4.3"
      }
    },
    "node_modules/@types/jquery": {
      "version": "3.5.30",
      "resolved": "https://registry.npmjs.org/@types/jquery/-/jquery-3.5.30.tgz",
      "integrity": "sha512-nbWKkkyb919DOUxjmRVk8vwtDb0/k8FKncmUKFi+NY+QXqWltooxTrswvz4LspQwxvLdvzBN1TImr6cw3aQx2A==",
      "dev": true,
      "dependencies": {
        "@types/sizzle": "*"
      }
    },
    "node_modules/@types/signalr": {
      "version": "2.4.3",
      "resolved": "https://registry.npmjs.org/@types/signalr/-/signalr-2.4.3.tgz",
      "integrity": "sha512-W6C1wMRIIhJV9nsw19yhw4h9zlkLnJzsu9dYlH35aHUQblPsDF6UpCcAVu4Ljy4RS3c3uJyV88wf2M2SOWqqZg==",
      "dev": true,
      "dependencies": {
        "@types/jquery": "*"
      }
    },
    "node_modules/@types/sizzle": {
      "version": "2.3.8",
      "resolved": "https://registry.npmjs.org/@types/sizzle/-/sizzle-2.3.8.tgz",
      "integrity": "sha512-0vWLNK2D5MT9dg0iOo8GlKguPAU02QjmZitPEsXRuJXU/OGIOt9vT9Fc26wtYuavLxtO45v9PGleoL9Z0k1LHg==",
      "dev": true
    },
    "node_modules/jquery": {
      "version": "3.7.1",
      "resolved": "https://registry.npmjs.org/jquery/-/jquery-3.7.1.tgz",
      "integrity": "sha512-m4avr8yL8kmFN8psrbFFFmB/If14iN5o9nw/NgnnM+kybDJpRsAynV2BsfpTYrTRysYUdADVD7CkUUizgkpLfg=="
    },
    "node_modules/signalr": {
      "version": "2.4.3",
      "resolved": "https://registry.npmjs.org/signalr/-/signalr-2.4.3.tgz",
      "integrity": "sha512-RbBKFVCZvDgyyxZDeu6Yck9T+diZO07GB0bDiKondUhBY1H8JRQSOq8R0pLkf47ddllQAssYlp7ckQAeom24mw==",
      "dependencies": {
        "jquery": ">=1.6.4"
      }
    }
  }
}
